# ---------------------------------------------------------------------------
# BLOQUEO DE VERSIONES PARA LA COMPILACIÓN DEL .EXE  (Windows · Python 3.10)
# ---------------------------------------------------------------------------
#
# POR QUÉ EXISTE
# ==============
# `requirements.txt` mezcla tres cosas: pines exactos (requests==2.31.0),
# rangos (capstone>=5.0) y dependencias sin pin (g4f, httpx, pydantic). Con eso,
# el .exe de una versión publicada NO es reproducible: recompilar el mismo tag
# dentro de seis meses instala lo que haya ese día en PyPI. Y si un upstream
# publica una versión incompatible, la compilación se rompe sin que nada haya
# cambiado en este repositorio — el peor tipo de fallo, porque el commit
# culpable no es tuyo.
#
# Este fichero fija las 66 dependencias —directas y transitivas— con las que se
# compiló el binario. Recompilar el tag da el mismo .exe.
#
# POR QUÉ SOLO PARA WINDOWS
# =========================
# Está generado SIN marcadores de entorno y contiene paquetes que solo existen
# en Windows: `pythonnet`, `clr-loader`, `pywin32-ctypes` y `proxy-tools`, todos
# arrastrados por pywebview. Un `pip install -r requirements.lock` en Linux
# falla.
#
# Por eso el reparto de responsabilidades en los workflows es este, y conviene
# no cambiarlo sin entenderlo:
#
#   ci.yml (Linux + Windows, py3.10 y 3.11) ....... requirements.txt
#       Prueba que el proyecto funciona con las versiones ACTUALES de sus
#       dependencias. Si un upstream rompe algo, aquí es donde debe verse,
#       cuanto antes.
#
#   release.yml, job `build` (Windows, py3.10) .... requirements.lock
#       Compila el binario que se publica. Aquí no se quiere la última versión:
#       se quiere EXACTAMENTE la que se probó.
#
# CÓMO SE REGENERA
# ================
#   pip install pip-tools
#   python -m piptools compile --strip-extras -o requirements.lock requirements.txt
#
# Hazlo en Windows con Python 3.10 (lo que usa el job de build) y en el mismo
# commit en el que toques requirements.txt: `test_wiring` comprueba que las dos
# listas no se separen.
#
# ---------------------------------------------------------------------------
#
# This file is autogenerated by pip-compile with Python 3.10
# by the following command:
#
#    pip-compile --output-file=requirements.lock --strip-extras requirements.txt
#
aiohappyeyeballs==2.7.1
    # via aiohttp
aiohttp==3.14.3
    # via g4f
aiosignal==1.4.0
    # via aiohttp
altgraph==0.17.5
    # via pyinstaller
annotated-types==0.8.0
    # via pydantic
anyio==4.14.2
    # via httpx
async-timeout==5.0.1
    # via aiohttp
attrs==26.1.0
    # via aiohttp
backports-asyncio-runner==1.2.0
    # via pytest-asyncio
bottle==0.13.4
    # via pywebview
brotli==1.2.0
    # via g4f
capstone==5.0.9
    # via -r requirements.txt
certifi==2026.7.22
    # via
    #   httpcore
    #   httpx
    #   requests
cffi==2.1.1
    # via
    #   clr-loader
    #   curl-cffi
charset-normalizer==3.4.9
    # via requests
clr-loader==0.3.1
    # via pythonnet
colorama==0.4.6
    # via pytest
coverage==7.15.4
    # via pytest-cov
curl-cffi==0.5.10
    # via -r requirements.txt
exceptiongroup==1.3.1
    # via
    #   anyio
    #   pytest
frozenlist==1.8.0
    # via
    #   aiohttp
    #   aiosignal
g4f==8.1.1
    # via -r requirements.txt
h11==0.16.0
    # via httpcore
httpcore==1.0.9
    # via httpx
httpx==0.28.1
    # via -r requirements.txt
idna==3.18
    # via
    #   anyio
    #   httpx
    #   requests
    #   yarl
iniconfig==2.3.0
    # via pytest
joblib==1.5.3
    # via scikit-learn
lxml==6.1.1
    # via python-docx
multidict==6.7.1
    # via
    #   aiohttp
    #   yarl
nest-asyncio2==1.7.2
    # via g4f
numpy==1.24.4
    # via
    #   -r requirements.txt
    #   scikit-learn
    #   scipy
packaging==26.3
    # via
    #   pyinstaller
    #   pyinstaller-hooks-contrib
    #   pytest
pefile==2024.8.26
    # via pyinstaller
pillow==12.3.0
    # via -r requirements.txt
pluggy==1.6.0
    # via
    #   pytest
    #   pytest-cov
propcache==0.5.2
    # via
    #   aiohttp
    #   yarl
proxy-tools==0.1.0
    # via pywebview
pycparser==3.0
    # via cffi
pycryptodome==3.23.0
    # via g4f
pydantic==2.13.4
    # via -r requirements.txt
pydantic-core==2.46.4
    # via pydantic
pygame==2.6.1
    # via -r requirements.txt
pygments==2.20.0
    # via pytest
pyinstaller==6.21.0
    # via -r requirements.txt
pyinstaller-hooks-contrib==2026.6
    # via pyinstaller
pypdf==6.15.0
    # via -r requirements.txt
pytest==9.1.1
    # via
    #   -r requirements.txt
    #   pytest-asyncio
    #   pytest-cov
pytest-asyncio==1.4.0
    # via -r requirements.txt
pytest-cov==7.1.0
    # via -r requirements.txt
python-docx==1.2.0
    # via -r requirements.txt
pythonnet==3.1.0
    # via pywebview
pywebview==4.4.1
    # via -r requirements.txt
pywin32-ctypes==0.2.3
    # via pyinstaller
pyyaml==6.0.3
    # via -r requirements.txt
requests==2.31.0
    # via
    #   -r requirements.txt
    #   g4f
scikit-learn==1.4.1.post1
    # via -r requirements.txt
scipy==1.15.3
    # via scikit-learn
threadpoolctl==3.6.0
    # via scikit-learn
tomli==2.4.1
    # via
    #   coverage
    #   pytest
typing-extensions==4.16.0
    # via
    #   aiohttp
    #   aiosignal
    #   anyio
    #   exceptiongroup
    #   multidict
    #   pydantic
    #   pydantic-core
    #   pypdf
    #   pytest-asyncio
    #   python-docx
    #   pywebview
    #   typing-inspection
typing-inspection==0.4.2
    # via pydantic
unicorn==2.1.4
    # via -r requirements.txt
urllib3==2.7.0
    # via requests
websockets==12.0
    # via -r requirements.txt
yarl==1.24.5
    # via aiohttp

# The following packages are considered to be unsafe in a requirements file:
# setuptools
